// !$*UTF8*$!
{
	archiveVersion = 1;
	classes = {
	};
	objectVersion = 42;
	objects = {

/* Begin PBXBuildFile section */
		8418EF2E0F4DAC8500B956C9 /* TLScene.cpp in Sources */ = {isa = PBXBuildFile; fileRef = 8418EF1A0F4DAC8500B956C9 /* TLScene.cpp */; };
		8418EF2F0F4DAC8500B956C9 /* TLScene.h in Headers */ = {isa = PBXBuildFile; fileRef = 8418EF1B0F4DAC8500B956C9 /* TLScene.h */; };
		8418EF300F4DAC8500B956C9 /* TScenegraph.cpp in Sources */ = {isa = PBXBuildFile; fileRef = 8418EF1C0F4DAC8500B956C9 /* TScenegraph.cpp */; };
		8418EF310F4DAC8500B956C9 /* TScenegraph.h in Headers */ = {isa = PBXBuildFile; fileRef = 8418EF1D0F4DAC8500B956C9 /* TScenegraph.h */; };
		8418EF320F4DAC8500B956C9 /* TSceneNode.cpp in Sources */ = {isa = PBXBuildFile; fileRef = 8418EF1E0F4DAC8500B956C9 /* TSceneNode.cpp */; };
		8418EF330F4DAC8500B956C9 /* TSceneNode.h in Headers */ = {isa = PBXBuildFile; fileRef = 8418EF1F0F4DAC8500B956C9 /* TSceneNode.h */; };
		8418EF340F4DAC8500B956C9 /* TSceneNode_Camera.cpp in Sources */ = {isa = PBXBuildFile; fileRef = 8418EF200F4DAC8500B956C9 /* TSceneNode_Camera.cpp */; };
		8418EF350F4DAC8500B956C9 /* TSceneNode_Camera.h in Headers */ = {isa = PBXBuildFile; fileRef = 8418EF210F4DAC8500B956C9 /* TSceneNode_Camera.h */; };
		8418EF360F4DAC8500B956C9 /* TSceneNode_Emitter.cpp in Sources */ = {isa = PBXBuildFile; fileRef = 8418EF220F4DAC8500B956C9 /* TSceneNode_Emitter.cpp */; };
		8418EF370F4DAC8500B956C9 /* TSceneNode_Emitter.h in Headers */ = {isa = PBXBuildFile; fileRef = 8418EF230F4DAC8500B956C9 /* TSceneNode_Emitter.h */; };
		8418EF380F4DAC8500B956C9 /* TSceneNode_Object.cpp in Sources */ = {isa = PBXBuildFile; fileRef = 8418EF240F4DAC8500B956C9 /* TSceneNode_Object.cpp */; };
		8418EF390F4DAC8500B956C9 /* TSceneNode_Object.h in Headers */ = {isa = PBXBuildFile; fileRef = 8418EF250F4DAC8500B956C9 /* TSceneNode_Object.h */; };
		8418EF3A0F4DAC8500B956C9 /* TSceneNode_Transform.cpp in Sources */ = {isa = PBXBuildFile; fileRef = 8418EF260F4DAC8500B956C9 /* TSceneNode_Transform.cpp */; };
		8418EF3B0F4DAC8500B956C9 /* TSceneNode_Transform.h in Headers */ = {isa = PBXBuildFile; fileRef = 8418EF270F4DAC8500B956C9 /* TSceneNode_Transform.h */; };
		8418EF3C0F4DAC8500B956C9 /* TSchemeEditor.cpp in Sources */ = {isa = PBXBuildFile; fileRef = 8418EF280F4DAC8500B956C9 /* TSchemeEditor.cpp */; };
		8418EF3D0F4DAC8500B956C9 /* TSchemeEditor.h in Headers */ = {isa = PBXBuildFile; fileRef = 8418EF290F4DAC8500B956C9 /* TSchemeEditor.h */; };
		8418EF3E0F4DAC8500B956C9 /* TSchemeManager.cpp in Sources */ = {isa = PBXBuildFile; fileRef = 8418EF2A0F4DAC8500B956C9 /* TSchemeManager.cpp */; };
		8418EF3F0F4DAC8500B956C9 /* TSchemeManager.h in Headers */ = {isa = PBXBuildFile; fileRef = 8418EF2B0F4DAC8500B956C9 /* TSchemeManager.h */; };
		8418EF400F4DAC8500B956C9 /* TSchemeNode.cpp in Sources */ = {isa = PBXBuildFile; fileRef = 8418EF2C0F4DAC8500B956C9 /* TSchemeNode.cpp */; };
		8418EF410F4DAC8500B956C9 /* TSchemeNode.h in Headers */ = {isa = PBXBuildFile; fileRef = 8418EF2D0F4DAC8500B956C9 /* TSchemeNode.h */; };
/* End PBXBuildFile section */

/* Begin PBXFileReference section */
		8418EE5C0F4DAAF200B956C9 /* libTootleScene.a */ = {isa = PBXFileReference; explicitFileType = archive.ar; includeInIndex = 0; path = libTootleScene.a; sourceTree = BUILT_PRODUCTS_DIR; };
		8418EF1A0F4DAC8500B956C9 /* TLScene.cpp */ = {isa = PBXFileReference; fileEncoding = 4; lastKnownFileType = sourcecode.cpp.cpp; name = TLScene.cpp; path = ../TLScene.cpp; sourceTree = SOURCE_ROOT; };
		8418EF1B0F4DAC8500B956C9 /* TLScene.h */ = {isa = PBXFileReference; fileEncoding = 4; lastKnownFileType = sourcecode.c.h; name = TLScene.h; path = ../TLScene.h; sourceTree = SOURCE_ROOT; };
		8418EF1C0F4DAC8500B956C9 /* TScenegraph.cpp */ = {isa = PBXFileReference; fileEncoding = 4; lastKnownFileType = sourcecode.cpp.cpp; name = TScenegraph.cpp; path = ../TScenegraph.cpp; sourceTree = SOURCE_ROOT; };
		8418EF1D0F4DAC8500B956C9 /* TScenegraph.h */ = {isa = PBXFileReference; fileEncoding = 4; lastKnownFileType = sourcecode.c.h; name = TScenegraph.h; path = ../TScenegraph.h; sourceTree = SOURCE_ROOT; };
		8418EF1E0F4DAC8500B956C9 /* TSceneNode.cpp */ = {isa = PBXFileReference; fileEncoding = 4; lastKnownFileType = sourcecode.cpp.cpp; name = TSceneNode.cpp; path = ../TSceneNode.cpp; sourceTree = SOURCE_ROOT; };
		8418EF1F0F4DAC8500B956C9 /* TSceneNode.h */ = {isa = PBXFileReference; fileEncoding = 4; lastKnownFileType = sourcecode.c.h; name = TSceneNode.h; path = ../TSceneNode.h; sourceTree = SOURCE_ROOT; };
		8418EF200F4DAC8500B956C9 /* TSceneNode_Camera.cpp */ = {isa = PBXFileReference; fileEncoding = 4; lastKnownFileType = sourcecode.cpp.cpp; name = TSceneNode_Camera.cpp; path = ../TSceneNode_Camera.cpp; sourceTree = SOURCE_ROOT; };
		8418EF210F4DAC8500B956C9 /* TSceneNode_Camera.h */ = {isa = PBXFileReference; fileEncoding = 4; lastKnownFileType = sourcecode.c.h; name = TSceneNode_Camera.h; path = ../TSceneNode_Camera.h; sourceTree = SOURCE_ROOT; };
		8418EF220F4DAC8500B956C9 /* TSceneNode_Emitter.cpp */ = {isa = PBXFileReference; fileEncoding = 4; lastKnownFileType = sourcecode.cpp.cpp; name = TSceneNode_Emitter.cpp; path = ../TSceneNode_Emitter.cpp; sourceTree = SOURCE_ROOT; };
		8418EF230F4DAC8500B956C9 /* TSceneNode_Emitter.h */ = {isa = PBXFileReference; fileEncoding = 4; lastKnownFileType = sourcecode.c.h; name = TSceneNode_Emitter.h; path = ../TSceneNode_Emitter.h; sourceTree = SOURCE_ROOT; };
		8418EF240F4DAC8500B956C9 /* TSceneNode_Object.cpp */ = {isa = PBXFileReference; fileEncoding = 4; lastKnownFileType = sourcecode.cpp.cpp; name = TSceneNode_Object.cpp; path = ../TSceneNode_Object.cpp; sourceTree = SOURCE_ROOT; };
		8418EF250F4DAC8500B956C9 /* TSceneNode_Object.h */ = {isa = PBXFileReference; fileEncoding = 4; lastKnownFileType = sourcecode.c.h; name = TSceneNode_Object.h; path = ../TSceneNode_Object.h; sourceTree = SOURCE_ROOT; };
		8418EF260F4DAC8500B956C9 /* TSceneNode_Transform.cpp */ = {isa = PBXFileReference; fileEncoding = 4; lastKnownFileType = sourcecode.cpp.cpp; name = TSceneNode_Transform.cpp; path = ../TSceneNode_Transform.cpp; sourceTree = SOURCE_ROOT; };
		8418EF270F4DAC8500B956C9 /* TSceneNode_Transform.h */ = {isa = PBXFileReference; fileEncoding = 4; lastKnownFileType = sourcecode.c.h; name = TSceneNode_Transform.h; path = ../TSceneNode_Transform.h; sourceTree = SOURCE_ROOT; };
		8418EF280F4DAC8500B956C9 /* TSchemeEditor.cpp */ = {isa = PBXFileReference; fileEncoding = 4; lastKnownFileType = sourcecode.cpp.cpp; name = TSchemeEditor.cpp; path = ../TSchemeEditor.cpp; sourceTree = SOURCE_ROOT; };
		8418EF290F4DAC8500B956C9 /* TSchemeEditor.h */ = {isa = PBXFileReference; fileEncoding = 4; lastKnownFileType = sourcecode.c.h; name = TSchemeEditor.h; path = ../TSchemeEditor.h; sourceTree = SOURCE_ROOT; };
		8418EF2A0F4DAC8500B956C9 /* TSchemeManager.cpp */ = {isa = PBXFileReference; fileEncoding = 4; lastKnownFileType = sourcecode.cpp.cpp; name = TSchemeManager.cpp; path = ../TSchemeManager.cpp; sourceTree = SOURCE_ROOT; };
		8418EF2B0F4DAC8500B956C9 /* TSchemeManager.h */ = {isa = PBXFileReference; fileEncoding = 4; lastKnownFileType = sourcecode.c.h; name = TSchemeManager.h; path = ../TSchemeManager.h; sourceTree = SOURCE_ROOT; };
		8418EF2C0F4DAC8500B956C9 /* TSchemeNode.cpp */ = {isa = PBXFileReference; fileEncoding = 4; lastKnownFileType = sourcecode.cpp.cpp; name = TSchemeNode.cpp; path = ../TSchemeNode.cpp; sourceTree = SOURCE_ROOT; };
		8418EF2D0F4DAC8500B956C9 /* TSchemeNode.h */ = {isa = PBXFileReference; fileEncoding = 4; lastKnownFileType = sourcecode.c.h; name = TSchemeNode.h; path = ../TSchemeNode.h; sourceTree = SOURCE_ROOT; };
/* End PBXFileReference section */

/* Begin PBXFrameworksBuildPhase section */
		8418EE5A0F4DAAF200B956C9 /* Frameworks */ = {
			isa = PBXFrameworksBuildPhase;
			buildActionMask = 2147483647;
			files = (
			);
			runOnlyForDeploymentPostprocessing = 0;
		};
/* End PBXFrameworksBuildPhase section */

/* Begin PBXGroup section */
		8418ECF60F4DA63E00B956C9 = {
			isa = PBXGroup;
			children = (
				8418EF530F4DACDA00B956C9 /* Frameworks */,
				8418EF190F4DAC5C00B956C9 /* Build Configurations */,
				8418EF180F4DAC5300B956C9 /* Source Code */,
				8418ED0E0F4DA70B00B956C9 /* Products */,
			);
			sourceTree = "<group>";
		};
		8418ED0E0F4DA70B00B956C9 /* Products */ = {
			isa = PBXGroup;
			children = (
				8418EE5C0F4DAAF200B956C9 /* libTootleScene.a */,
			);
			name = Products;
			sourceTree = "<group>";
		};
		8418EF180F4DAC5300B956C9 /* Source Code */ = {
			isa = PBXGroup;
			children = (
				8418EF1A0F4DAC8500B956C9 /* TLScene.cpp */,
				8418EF1B0F4DAC8500B956C9 /* TLScene.h */,
				8418EF1C0F4DAC8500B956C9 /* TScenegraph.cpp */,
				8418EF1D0F4DAC8500B956C9 /* TScenegraph.h */,
				8418EF1E0F4DAC8500B956C9 /* TSceneNode.cpp */,
				8418EF1F0F4DAC8500B956C9 /* TSceneNode.h */,
				8418EF200F4DAC8500B956C9 /* TSceneNode_Camera.cpp */,
				8418EF210F4DAC8500B956C9 /* TSceneNode_Camera.h */,
				8418EF220F4DAC8500B956C9 /* TSceneNode_Emitter.cpp */,
				8418EF230F4DAC8500B956C9 /* TSceneNode_Emitter.h */,
				8418EF240F4DAC8500B956C9 /* TSceneNode_Object.cpp */,
				8418EF250F4DAC8500B956C9 /* TSceneNode_Object.h */,
				8418EF260F4DAC8500B956C9 /* TSceneNode_Transform.cpp */,
				8418EF270F4DAC8500B956C9 /* TSceneNode_Transform.h */,
				8418EF280F4DAC8500B956C9 /* TSchemeEditor.cpp */,
				8418EF290F4DAC8500B956C9 /* TSchemeEditor.h */,
				8418EF2A0F4DAC8500B956C9 /* TSchemeManager.cpp */,
				8418EF2B0F4DAC8500B956C9 /* TSchemeManager.h */,
				8418EF2C0F4DAC8500B956C9 /* TSchemeNode.cpp */,
				8418EF2D0F4DAC8500B956C9 /* TSchemeNode.h */,
			);
			name = "Source Code";
			sourceTree = "<group>";
		};
		8418EF190F4DAC5C00B956C9 /* Build Configurations */ = {
			isa = PBXGroup;
			children = (
			);
			name = "Build Configurations";
			sourceTree = "<group>";
		};
		8418EF530F4DACDA00B956C9 /* Frameworks */ = {
			isa = PBXGroup;
			children = (
			);
			name = Frameworks;
			sourceTree = "<group>";
		};
/* End PBXGroup section */

/* Begin PBXHeadersBuildPhase section */
		8418EE580F4DAAF200B956C9 /* Headers */ = {
			isa = PBXHeadersBuildPhase;
			buildActionMask = 2147483647;
			files = (
				8418EF2F0F4DAC8500B956C9 /* TLScene.h in Headers */,
				8418EF310F4DAC8500B956C9 /* TScenegraph.h in Headers */,
				8418EF330F4DAC8500B956C9 /* TSceneNode.h in Headers */,
				8418EF350F4DAC8500B956C9 /* TSceneNode_Camera.h in Headers */,
				8418EF370F4DAC8500B956C9 /* TSceneNode_Emitter.h in Headers */,
				8418EF390F4DAC8500B956C9 /* TSceneNode_Object.h in Headers */,
				8418EF3B0F4DAC8500B956C9 /* TSceneNode_Transform.h in Headers */,
				8418EF3D0F4DAC8500B956C9 /* TSchemeEditor.h in Headers */,
				8418EF3F0F4DAC8500B956C9 /* TSchemeManager.h in Headers */,
				8418EF410F4DAC8500B956C9 /* TSchemeNode.h in Headers */,
			);
			runOnlyForDeploymentPostprocessing = 0;
		};
/* End PBXHeadersBuildPhase section */

/* Begin PBXNativeTarget section */
		8418EE5B0F4DAAF200B956C9 /* TootleScene */ = {
			isa = PBXNativeTarget;
			buildConfigurationList = 8418EE610F4DAAF600B956C9 /* Build configuration list for PBXNativeTarget "TootleScene" */;
			buildPhases = (
				8418EE580F4DAAF200B956C9 /* Headers */,
				8418EE590F4DAAF200B956C9 /* Sources */,
				8418EE5A0F4DAAF200B956C9 /* Frameworks */,
			);
			buildRules = (
			);
			dependencies = (
			);
			name = TootleScene;
			productName = TootleScene;
			productReference = 8418EE5C0F4DAAF200B956C9 /* libTootleScene.a */;
			productType = "com.apple.product-type.library.static";
		};
/* End PBXNativeTarget section */

/* Begin PBXProject section */
		8418ECF80F4DA63E00B956C9 /* Project object */ = {
			isa = PBXProject;
			buildConfigurationList = 8418ECFB0F4DA63E00B956C9 /* Build configuration list for PBXProject "TootleScene" */;
			compatibilityVersion = "Xcode 2.4";
			hasScannedForEncodings = 0;
			mainGroup = 8418ECF60F4DA63E00B956C9;
			productRefGroup = 8418ED0E0F4DA70B00B956C9 /* Products */;
			projectDirPath = "";
			projectRoot = "";
			targets = (
				8418EE5B0F4DAAF200B956C9 /* TootleScene */,
			);
		};
/* End PBXProject section */

/* Begin PBXSourcesBuildPhase section */
		8418EE590F4DAAF200B956C9 /* Sources */ = {
			isa = PBXSourcesBuildPhase;
			buildActionMask = 2147483647;
			files = (
				8418EF2E0F4DAC8500B956C9 /* TLScene.cpp in Sources */,
				8418EF300F4DAC8500B956C9 /* TScenegraph.cpp in Sources */,
				8418EF320F4DAC8500B956C9 /* TSceneNode.cpp in Sources */,
				8418EF340F4DAC8500B956C9 /* TSceneNode_Camera.cpp in Sources */,
				8418EF360F4DAC8500B956C9 /* TSceneNode_Emitter.cpp in Sources */,
				8418EF380F4DAC8500B956C9 /* TSceneNode_Object.cpp in Sources */,
				8418EF3A0F4DAC8500B956C9 /* TSceneNode_Transform.cpp in Sources */,
				8418EF3C0F4DAC8500B956C9 /* TSchemeEditor.cpp in Sources */,
				8418EF3E0F4DAC8500B956C9 /* TSchemeManager.cpp in Sources */,
				8418EF400F4DAC8500B956C9 /* TSchemeNode.cpp in Sources */,
			);
			runOnlyForDeploymentPostprocessing = 0;
		};
/* End PBXSourcesBuildPhase section */

/* Begin XCBuildConfiguration section */
		8418ECF90F4DA63E00B956C9 /* Debug */ = {
			isa = XCBuildConfiguration;
			buildSettings = {
				COPY_PHASE_STRIP = NO;
				GCC_PREPROCESSOR_DEFINITIONS = TL_TARGET_MAC;
				HEADER_SEARCH_PATHS = ../..;
			};
			name = Debug;
		};
		8418ECFA0F4DA63E00B956C9 /* Release */ = {
			isa = XCBuildConfiguration;
			buildSettings = {
				COPY_PHASE_STRIP = YES;
				GCC_PREPROCESSOR_DEFINITIONS = TL_TARGET_MAC;
				HEADER_SEARCH_PATHS = ../..;
			};
			name = Release;
		};
		8418EE5D0F4DAAF300B956C9 /* Debug */ = {
			isa = XCBuildConfiguration;
			buildSettings = {
				ALWAYS_SEARCH_USER_PATHS = NO;
				COPY_PHASE_STRIP = NO;
				GCC_DYNAMIC_NO_PIC = NO;
				GCC_ENABLE_FIX_AND_CONTINUE = YES;
				GCC_MODEL_TUNING = G5;
				GCC_OPTIMIZATION_LEVEL = 0;
				INSTALL_PATH = /usr/local/lib;
				PREBINDING = NO;
				PRODUCT_NAME = TootleScene;
			};
			name = Debug;
		};
		8418EE5E0F4DAAF300B956C9 /* Release */ = {
			isa = XCBuildConfiguration;
			buildSettings = {
				ALWAYS_SEARCH_USER_PATHS = NO;
				COPY_PHASE_STRIP = YES;
				DEBUG_INFORMATION_FORMAT = "dwarf-with-dsym";
				GCC_ENABLE_FIX_AND_CONTINUE = NO;
				GCC_MODEL_TUNING = G5;
				INSTALL_PATH = /usr/local/lib;
				PREBINDING = NO;
				PRODUCT_NAME = TootleScene;
				ZERO_LINK = NO;
			};
			name = Release;
		};
/* End XCBuildConfiguration section */

/* Begin XCConfigurationList section */
		8418ECFB0F4DA63E00B956C9 /* Build configuration list for PBXProject "TootleScene" */ = {
			isa = XCConfigurationList;
			buildConfigurations = (
				8418ECF90F4DA63E00B956C9 /* Debug */,
				8418ECFA0F4DA63E00B956C9 /* Release */,
			);
			defaultConfigurationIsVisible = 0;
			defaultConfigurationName = Release;
		};
		8418EE610F4DAAF600B956C9 /* Build configuration list for PBXNativeTarget "TootleScene" */ = {
			isa = XCConfigurationList;
			buildConfigurations = (
				8418EE5D0F4DAAF300B956C9 /* Debug */,
				8418EE5E0F4DAAF300B956C9 /* Release */,
			);
			defaultConfigurationIsVisible = 0;
			defaultConfigurationName = Release;
		};
/* End XCConfigurationList section */
	};
	rootObject = 8418ECF80F4DA63E00B956C9 /* Project object */;
}
