// !$*UTF8*$!
{
	archiveVersion = 1;
	classes = {
	};
	objectVersion = 45;
	objects = {

/* Begin PBXBuildFile section */
		8404EC6B0FD7D75800F280AF /* TLSocial.h in Headers */ = {isa = PBXBuildFile; fileRef = 8404EC690FD7D75800F280AF /* TLSocial.h */; };
		8404EC6C0FD7D75800F280AF /* TLSocial.cpp in Sources */ = {isa = PBXBuildFile; fileRef = 8404EC6A0FD7D75800F280AF /* TLSocial.cpp */; };
		8404EC6F0FD7D78B00F280AF /* TFacebookConnect.h in Headers */ = {isa = PBXBuildFile; fileRef = 8404EC6D0FD7D78B00F280AF /* TFacebookConnect.h */; };
		8404EC700FD7D78B00F280AF /* TFacebookConnect.mm in Sources */ = {isa = PBXBuildFile; fileRef = 8404EC6E0FD7D78B00F280AF /* TFacebookConnect.mm */; };
		8417B75A119D6EC9004134B9 /* IPodSocialNetworkingPlatform_OpenFeint.mm in Sources */ = {isa = PBXBuildFile; fileRef = 8417B759119D6EC9004134B9 /* IPodSocialNetworkingPlatform_OpenFeint.mm */; };
		843CDACF1048234300E6295B /* TSocialNetworkingManager.h in Headers */ = {isa = PBXBuildFile; fileRef = 843CDACE1048234300E6295B /* TSocialNetworkingManager.h */; };
		84508700101F475800B78F2B /* AGON.h in Headers */ = {isa = PBXBuildFile; fileRef = 845086FF101F475800B78F2B /* AGON.h */; };
		845094FA1020B32200B78F2B /* TootleSocialPrefix.pch in Headers */ = {isa = PBXBuildFile; fileRef = 845094F91020B32200B78F2B /* TootleSocialPrefix.pch */; };
		8468113C118CDD0B00D71BEF /* IPodSocialNetworkingPlatform_AGONOnline.h in Headers */ = {isa = PBXBuildFile; fileRef = 84681137118CDD0B00D71BEF /* IPodSocialNetworkingPlatform_AGONOnline.h */; };
		8468113D118CDD0B00D71BEF /* IPodSocialNetworkingPlatform_AGONOnline.mm in Sources */ = {isa = PBXBuildFile; fileRef = 84681138118CDD0B00D71BEF /* IPodSocialNetworkingPlatform_AGONOnline.mm */; };
		8468113E118CDD0B00D71BEF /* IPodSocialNetworkingPlatform_Facebook.h in Headers */ = {isa = PBXBuildFile; fileRef = 84681139118CDD0B00D71BEF /* IPodSocialNetworkingPlatform_Facebook.h */; };
		84681140118CDD0B00D71BEF /* IPodSocialNetworkingPlatform.h in Headers */ = {isa = PBXBuildFile; fileRef = 8468113B118CDD0B00D71BEF /* IPodSocialNetworkingPlatform.h */; };
		847DF8210FD9325E005F9EDC /* TFacebookSession.h in Headers */ = {isa = PBXBuildFile; fileRef = 847DF81F0FD9325E005F9EDC /* TFacebookSession.h */; };
		847DF8220FD9325E005F9EDC /* TFacebookSession.mm in Sources */ = {isa = PBXBuildFile; fileRef = 847DF8200FD9325E005F9EDC /* TFacebookSession.mm */; };
		84C5EBBE11A29775006304BD /* IPodSocialNetworkingPlatform_OpenFeint.h in Headers */ = {isa = PBXBuildFile; fileRef = 84C5EBBD11A29775006304BD /* IPodSocialNetworkingPlatform_OpenFeint.h */; };
		84C5F18A11A2DEEF006304BD /* IPodSocialNetworkingPlatform_GameCenter.h in Headers */ = {isa = PBXBuildFile; fileRef = 84C5F18811A2DEEF006304BD /* IPodSocialNetworkingPlatform_GameCenter.h */; };
		84C5F18B11A2DEEF006304BD /* IPodSocialNetworkingPlatform_GameCenter.mm in Sources */ = {isa = PBXBuildFile; fileRef = 84C5F18911A2DEEF006304BD /* IPodSocialNetworkingPlatform_GameCenter.mm */; };
/* End PBXBuildFile section */

/* Begin PBXFileReference section */
		8404EA5C0FD7CF8100F280AF /* libTootleSocial.a */ = {isa = PBXFileReference; explicitFileType = archive.ar; includeInIndex = 0; path = libTootleSocial.a; sourceTree = BUILT_PRODUCTS_DIR; };
		8404EC690FD7D75800F280AF /* TLSocial.h */ = {isa = PBXFileReference; fileEncoding = 4; lastKnownFileType = sourcecode.c.h; lineEnding = 2; name = TLSocial.h; path = ../TLSocial.h; sourceTree = SOURCE_ROOT; };
		8404EC6A0FD7D75800F280AF /* TLSocial.cpp */ = {isa = PBXFileReference; fileEncoding = 4; lastKnownFileType = sourcecode.cpp.cpp; lineEnding = 2; name = TLSocial.cpp; path = ../TLSocial.cpp; sourceTree = SOURCE_ROOT; };
		8404EC6D0FD7D78B00F280AF /* TFacebookConnect.h */ = {isa = PBXFileReference; fileEncoding = 4; lastKnownFileType = sourcecode.c.h; path = TFacebookConnect.h; sourceTree = "<group>"; };
		8404EC6E0FD7D78B00F280AF /* TFacebookConnect.mm */ = {isa = PBXFileReference; fileEncoding = 4; lastKnownFileType = sourcecode.cpp.objcpp; path = TFacebookConnect.mm; sourceTree = "<group>"; };
		8417B759119D6EC9004134B9 /* IPodSocialNetworkingPlatform_OpenFeint.mm */ = {isa = PBXFileReference; fileEncoding = 4; lastKnownFileType = sourcecode.cpp.objcpp; path = IPodSocialNetworkingPlatform_OpenFeint.mm; sourceTree = "<group>"; };
		842382F31047E346009E67C3 /* PCSocialNetworkingPlatform.h */ = {isa = PBXFileReference; fileEncoding = 4; lastKnownFileType = sourcecode.c.h; name = PCSocialNetworkingPlatform.h; path = ../PC/PCSocialNetworkingPlatform.h; sourceTree = SOURCE_ROOT; };
		843CDACE1048234300E6295B /* TSocialNetworkingManager.h */ = {isa = PBXFileReference; fileEncoding = 4; lastKnownFileType = sourcecode.c.h; name = TSocialNetworkingManager.h; path = ../TSocialNetworkingManager.h; sourceTree = SOURCE_ROOT; };
		845086FF101F475800B78F2B /* AGON.h */ = {isa = PBXFileReference; fileEncoding = 4; lastKnownFileType = sourcecode.c.h; name = AGON.h; path = libagon/include/AGON.h; sourceTree = "<group>"; };
		845094F91020B32200B78F2B /* TootleSocialPrefix.pch */ = {isa = PBXFileReference; fileEncoding = 4; lastKnownFileType = sourcecode.c.h; path = TootleSocialPrefix.pch; sourceTree = "<group>"; };
		84681136118CDCF900D71BEF /* MacSocialNetworkingPlatform.h */ = {isa = PBXFileReference; fileEncoding = 4; lastKnownFileType = sourcecode.c.h; name = MacSocialNetworkingPlatform.h; path = ../Mac/MacSocialNetworkingPlatform.h; sourceTree = SOURCE_ROOT; };
		84681137118CDD0B00D71BEF /* IPodSocialNetworkingPlatform_AGONOnline.h */ = {isa = PBXFileReference; fileEncoding = 4; lastKnownFileType = sourcecode.c.h; path = IPodSocialNetworkingPlatform_AGONOnline.h; sourceTree = "<group>"; };
		84681138118CDD0B00D71BEF /* IPodSocialNetworkingPlatform_AGONOnline.mm */ = {isa = PBXFileReference; fileEncoding = 4; lastKnownFileType = sourcecode.cpp.objcpp; path = IPodSocialNetworkingPlatform_AGONOnline.mm; sourceTree = "<group>"; };
		84681139118CDD0B00D71BEF /* IPodSocialNetworkingPlatform_Facebook.h */ = {isa = PBXFileReference; fileEncoding = 4; lastKnownFileType = sourcecode.c.h; path = IPodSocialNetworkingPlatform_Facebook.h; sourceTree = "<group>"; };
		8468113B118CDD0B00D71BEF /* IPodSocialNetworkingPlatform.h */ = {isa = PBXFileReference; fileEncoding = 4; lastKnownFileType = sourcecode.c.h; path = IPodSocialNetworkingPlatform.h; sourceTree = "<group>"; };
		847DF81F0FD9325E005F9EDC /* TFacebookSession.h */ = {isa = PBXFileReference; fileEncoding = 4; lastKnownFileType = sourcecode.c.h; path = TFacebookSession.h; sourceTree = "<group>"; };
		847DF8200FD9325E005F9EDC /* TFacebookSession.mm */ = {isa = PBXFileReference; fileEncoding = 4; lastKnownFileType = sourcecode.cpp.objcpp; path = TFacebookSession.mm; sourceTree = "<group>"; };
		84C5EBBD11A29775006304BD /* IPodSocialNetworkingPlatform_OpenFeint.h */ = {isa = PBXFileReference; fileEncoding = 4; lastKnownFileType = sourcecode.c.h; path = IPodSocialNetworkingPlatform_OpenFeint.h; sourceTree = "<group>"; };
		84C5F18811A2DEEF006304BD /* IPodSocialNetworkingPlatform_GameCenter.h */ = {isa = PBXFileReference; fileEncoding = 4; lastKnownFileType = sourcecode.c.h; path = IPodSocialNetworkingPlatform_GameCenter.h; sourceTree = "<group>"; };
		84C5F18911A2DEEF006304BD /* IPodSocialNetworkingPlatform_GameCenter.mm */ = {isa = PBXFileReference; fileEncoding = 4; lastKnownFileType = sourcecode.cpp.objcpp; path = IPodSocialNetworkingPlatform_GameCenter.mm; sourceTree = "<group>"; };
		BF8FC638118F7509005391AF /* BuildConfigurations */ = {isa = PBXFileReference; lastKnownFileType = folder; name = BuildConfigurations; path = ../../../../Tootle/Code/BuildConfigurations; sourceTree = SOURCE_ROOT; };
		BF8FC639118F7526005391AF /* LibDebug.xcconfig */ = {isa = PBXFileReference; fileEncoding = 4; lastKnownFileType = text.xcconfig; name = LibDebug.xcconfig; path = ../../../../Tootle/Code/BuildConfigurations/IPod/LibDebug.xcconfig; sourceTree = SOURCE_ROOT; };
		BF8FC63A118F7526005391AF /* LibRelease.xcconfig */ = {isa = PBXFileReference; fileEncoding = 4; lastKnownFileType = text.xcconfig; name = LibRelease.xcconfig; path = ../../../../Tootle/Code/BuildConfigurations/IPod/LibRelease.xcconfig; sourceTree = SOURCE_ROOT; };
/* End PBXFileReference section */

/* Begin PBXFrameworksBuildPhase section */
		8404EA5A0FD7CF8100F280AF /* Frameworks */ = {
			isa = PBXFrameworksBuildPhase;
			buildActionMask = 2147483647;
			files = (
			);
			runOnlyForDeploymentPostprocessing = 0;
		};
/* End PBXFrameworksBuildPhase section */

/* Begin PBXGroup section */
		8404EA430FD7CF4F00F280AF = {
			isa = PBXGroup;
			children = (
				8404EA610FD7CF9700F280AF /* Build Configurations */,
				8404EA620FD7CFA200F280AF /* Source Code */,
				8404EAE00FD7D0F100F280AF /* Frameworks */,
				8404EA5D0FD7CF8100F280AF /* Products */,
			);
			sourceTree = "<group>";
		};
		8404EA5D0FD7CF8100F280AF /* Products */ = {
			isa = PBXGroup;
			children = (
				8404EA5C0FD7CF8100F280AF /* libTootleSocial.a */,
			);
			name = Products;
			sourceTree = "<group>";
		};
		8404EA610FD7CF9700F280AF /* Build Configurations */ = {
			isa = PBXGroup;
			children = (
				BF8FC639118F7526005391AF /* LibDebug.xcconfig */,
				BF8FC63A118F7526005391AF /* LibRelease.xcconfig */,
				BF8FC638118F7509005391AF /* BuildConfigurations */,
			);
			name = "Build Configurations";
			sourceTree = "<group>";
		};
		8404EA620FD7CFA200F280AF /* Source Code */ = {
			isa = PBXGroup;
			children = (
				8404EA6D0FD7CFD000F280AF /* Mac */,
				8404EA6C0FD7CFCA00F280AF /* IPod */,
				8404EA6B0FD7CFC400F280AF /* PC */,
				8404EC690FD7D75800F280AF /* TLSocial.h */,
				8404EC6A0FD7D75800F280AF /* TLSocial.cpp */,
				843CDACE1048234300E6295B /* TSocialNetworkingManager.h */,
			);
			name = "Source Code";
			sourceTree = "<group>";
		};
		8404EA6B0FD7CFC400F280AF /* PC */ = {
			isa = PBXGroup;
			children = (
				842382F31047E346009E67C3 /* PCSocialNetworkingPlatform.h */,
			);
			name = PC;
			sourceTree = "<group>";
		};
		8404EA6C0FD7CFCA00F280AF /* IPod */ = {
			isa = PBXGroup;
			children = (
				84C5F18811A2DEEF006304BD /* IPodSocialNetworkingPlatform_GameCenter.h */,
				84C5F18911A2DEEF006304BD /* IPodSocialNetworkingPlatform_GameCenter.mm */,
				84C5EBBD11A29775006304BD /* IPodSocialNetworkingPlatform_OpenFeint.h */,
				8417B759119D6EC9004134B9 /* IPodSocialNetworkingPlatform_OpenFeint.mm */,
				84681137118CDD0B00D71BEF /* IPodSocialNetworkingPlatform_AGONOnline.h */,
				84681138118CDD0B00D71BEF /* IPodSocialNetworkingPlatform_AGONOnline.mm */,
				84681139118CDD0B00D71BEF /* IPodSocialNetworkingPlatform_Facebook.h */,
				8468113B118CDD0B00D71BEF /* IPodSocialNetworkingPlatform.h */,
				845086FE101F472E00B78F2B /* AGONOnline */,
				8404EC6D0FD7D78B00F280AF /* TFacebookConnect.h */,
				8404EC6E0FD7D78B00F280AF /* TFacebookConnect.mm */,
				847DF81F0FD9325E005F9EDC /* TFacebookSession.h */,
				847DF8200FD9325E005F9EDC /* TFacebookSession.mm */,
				845094F91020B32200B78F2B /* TootleSocialPrefix.pch */,
			);
			name = IPod;
			sourceTree = "<group>";
		};
		8404EA6D0FD7CFD000F280AF /* Mac */ = {
			isa = PBXGroup;
			children = (
				84681136118CDCF900D71BEF /* MacSocialNetworkingPlatform.h */,
			);
			name = Mac;
			sourceTree = "<group>";
		};
		8404EAE00FD7D0F100F280AF /* Frameworks */ = {
			isa = PBXGroup;
			children = (
			);
			name = Frameworks;
			sourceTree = "<group>";
		};
		845086FE101F472E00B78F2B /* AGONOnline */ = {
			isa = PBXGroup;
			children = (
				845086FF101F475800B78F2B /* AGON.h */,
			);
			name = AGONOnline;
			sourceTree = "<group>";
		};
/* End PBXGroup section */

/* Begin PBXHeadersBuildPhase section */
		8404EA580FD7CF8100F280AF /* Headers */ = {
			isa = PBXHeadersBuildPhase;
			buildActionMask = 2147483647;
			files = (
				8404EC6B0FD7D75800F280AF /* TLSocial.h in Headers */,
				8404EC6F0FD7D78B00F280AF /* TFacebookConnect.h in Headers */,
				847DF8210FD9325E005F9EDC /* TFacebookSession.h in Headers */,
				84508700101F475800B78F2B /* AGON.h in Headers */,
				845094FA1020B32200B78F2B /* TootleSocialPrefix.pch in Headers */,
				843CDACF1048234300E6295B /* TSocialNetworkingManager.h in Headers */,
				8468113C118CDD0B00D71BEF /* IPodSocialNetworkingPlatform_AGONOnline.h in Headers */,
				8468113E118CDD0B00D71BEF /* IPodSocialNetworkingPlatform_Facebook.h in Headers */,
				84681140118CDD0B00D71BEF /* IPodSocialNetworkingPlatform.h in Headers */,
				84C5EBBE11A29775006304BD /* IPodSocialNetworkingPlatform_OpenFeint.h in Headers */,
				84C5F18A11A2DEEF006304BD /* IPodSocialNetworkingPlatform_GameCenter.h in Headers */,
			);
			runOnlyForDeploymentPostprocessing = 0;
		};
/* End PBXHeadersBuildPhase section */

/* Begin PBXNativeTarget section */
		8404EA5B0FD7CF8100F280AF /* TootleSocial */ = {
			isa = PBXNativeTarget;
			buildConfigurationList = 8404EA600FD7CF8200F280AF /* Build configuration list for PBXNativeTarget "TootleSocial" */;
			buildPhases = (
				8404EA580FD7CF8100F280AF /* Headers */,
				8404EA590FD7CF8100F280AF /* Sources */,
				8404EA5A0FD7CF8100F280AF /* Frameworks */,
			);
			buildRules = (
			);
			dependencies = (
			);
			name = TootleSocial;
			productName = TootleSocial;
			productReference = 8404EA5C0FD7CF8100F280AF /* libTootleSocial.a */;
			productType = "com.apple.product-type.library.static";
		};
/* End PBXNativeTarget section */

/* Begin PBXProject section */
		8404EA450FD7CF4F00F280AF /* Project object */ = {
			isa = PBXProject;
			buildConfigurationList = 8404EA480FD7CF4F00F280AF /* Build configuration list for PBXProject "TootleSocial" */;
			compatibilityVersion = "Xcode 3.1";
			hasScannedForEncodings = 0;
			mainGroup = 8404EA430FD7CF4F00F280AF;
			productRefGroup = 8404EA5D0FD7CF8100F280AF /* Products */;
			projectDirPath = "";
			projectRoot = "";
			targets = (
				8404EA5B0FD7CF8100F280AF /* TootleSocial */,
			);
		};
/* End PBXProject section */

/* Begin PBXSourcesBuildPhase section */
		8404EA590FD7CF8100F280AF /* Sources */ = {
			isa = PBXSourcesBuildPhase;
			buildActionMask = 2147483647;
			files = (
				8404EC6C0FD7D75800F280AF /* TLSocial.cpp in Sources */,
				8404EC700FD7D78B00F280AF /* TFacebookConnect.mm in Sources */,
				847DF8220FD9325E005F9EDC /* TFacebookSession.mm in Sources */,
				8468113D118CDD0B00D71BEF /* IPodSocialNetworkingPlatform_AGONOnline.mm in Sources */,
				8417B75A119D6EC9004134B9 /* IPodSocialNetworkingPlatform_OpenFeint.mm in Sources */,
				84C5F18B11A2DEEF006304BD /* IPodSocialNetworkingPlatform_GameCenter.mm in Sources */,
			);
			runOnlyForDeploymentPostprocessing = 0;
		};
/* End PBXSourcesBuildPhase section */

/* Begin XCBuildConfiguration section */
		8404EA460FD7CF4F00F280AF /* Debug */ = {
			isa = XCBuildConfiguration;
			baseConfigurationReference = BF8FC639118F7526005391AF /* LibDebug.xcconfig */;
			buildSettings = {
				DEAD_CODE_STRIPPING = YES;
				GCC_PRECOMPILE_PREFIX_HEADER = YES;
				GCC_PREFIX_HEADER = TootleSocialPrefix.pch;
				HEADER_SEARCH_PATHS = (
					"../OpenFeint/**",
					../..,
					"FacebookConnect/src/**",
					"libagon/include/**",
				);
				LIBRARY_SEARCH_PATHS = libagon/lib;
			};
			name = Debug;
		};
		8404EA470FD7CF4F00F280AF /* Release */ = {
			isa = XCBuildConfiguration;
			baseConfigurationReference = BF8FC63A118F7526005391AF /* LibRelease.xcconfig */;
			buildSettings = {
				DEAD_CODE_STRIPPING = YES;
				GCC_PRECOMPILE_PREFIX_HEADER = YES;
				GCC_PREFIX_HEADER = TootleSocialPrefix.pch;
				HEADER_SEARCH_PATHS = (
					"../OpenFeint/**",
					../..,
					"FacebookConnect/src/**",
					"libagon/include/**",
				);
				LIBRARY_SEARCH_PATHS = libagon/lib;
			};
			name = Release;
		};
		8404EA5E0FD7CF8200F280AF /* Debug */ = {
			isa = XCBuildConfiguration;
			buildSettings = {
			};
			name = Debug;
		};
		8404EA5F0FD7CF8200F280AF /* Release */ = {
			isa = XCBuildConfiguration;
			buildSettings = {
			};
			name = Release;
		};
/* End XCBuildConfiguration section */

/* Begin XCConfigurationList section */
		8404EA480FD7CF4F00F280AF /* Build configuration list for PBXProject "TootleSocial" */ = {
			isa = XCConfigurationList;
			buildConfigurations = (
				8404EA460FD7CF4F00F280AF /* Debug */,
				8404EA470FD7CF4F00F280AF /* Release */,
			);
			defaultConfigurationIsVisible = 0;
			defaultConfigurationName = Release;
		};
		8404EA600FD7CF8200F280AF /* Build configuration list for PBXNativeTarget "TootleSocial" */ = {
			isa = XCConfigurationList;
			buildConfigurations = (
				8404EA5E0FD7CF8200F280AF /* Debug */,
				8404EA5F0FD7CF8200F280AF /* Release */,
			);
			defaultConfigurationIsVisible = 0;
			defaultConfigurationName = Release;
		};
/* End XCConfigurationList section */
	};
	rootObject = 8404EA450FD7CF4F00F280AF /* Project object */;
}
